
Microsoft Visual Studio Solution File, Format Version 12.00
# Visual Studio Version 17
VisualStudioVersion = 17.3.32901.215
MinimumVisualStudioVersion = 10.0.40219.1
Project("{FAE04EC0-301F-11D3-BF4B-00C04F79EFBC}") = "NamedPipes", "NamedPipes\NamedPipes.csproj", "{032873DD-0A81-417B-B43A-6B4DF0B81B70}"
EndProject
Project("{FAE04EC0-301F-11D3-BF4B-00C04F79EFBC}") = "ClientServerUsingNamedPipes", "ClientServerUsingNamedPipes\ClientServerUsingNamedPipes.csproj", "{CFF3F2F9-285E-487C-9C77-E335FCDDFAEB}"
EndProject
Global
	GlobalSection(SolutionConfigurationPlatforms) = preSolution
		Debug|Any CPU = Debug|Any CPU
		Release|Any CPU = Release|Any CPU
	EndGlobalSection
	GlobalSection(ProjectConfigurationPlatforms) = postSolution
		{032873DD-0A81-417B-B43A-6B4DF0B81B70}.Debug|Any CPU.ActiveCfg = Debug|Any CPU
		{032873DD-0A81-417B-B43A-6B4DF0B81B70}.Debug|Any CPU.Build.0 = Debug|Any CPU
		{032873DD-0A81-417B-B43A-6B4DF0B81B70}.Release|Any CPU.ActiveCfg = Release|Any CPU
		{032873DD-0A81-417B-B43A-6B4DF0B81B70}.Release|Any CPU.Build.0 = Release|Any CPU
		{CFF3F2F9-285E-487C-9C77-E335FCDDFAEB}.Debug|Any CPU.ActiveCfg = Debug|Any CPU
		{CFF3F2F9-285E-487C-9C77-E335FCDDFAEB}.Debug|Any CPU.Build.0 = Debug|Any CPU
		{CFF3F2F9-285E-487C-9C77-E335FCDDFAEB}.Release|Any CPU.ActiveCfg = Release|Any CPU
		{CFF3F2F9-285E-487C-9C77-E335FCDDFAEB}.Release|Any CPU.Build.0 = Release|Any CPU
	EndGlobalSection
	GlobalSection(SolutionProperties) = preSolution
		HideSolutionNode = FALSE
	EndGlobalSection
	GlobalSection(ExtensibilityGlobals) = postSolution
		SolutionGuid = {3797233D-0F37-4F95-8C59-0BDA115A9752}
	EndGlobalSection
EndGlobal
